github.com/alexedwards/argon2id v1.0.0 h1:wJzDx66hqWX7siL/SRUmgz3F8YMrd/nfX/xHHcQQP0w=
github.com/alexedwards/argon2id v1.0.0/go.mod h1:tYKkqIjzXvZdzPvADMWOEZ+l6+BD6CtBXMj5fnJppiw=
github.com/alexedwards/scs/v2 v2.9.0 h1:xa05mVpwTBm1iLeTMNFfAWpKUm4fXAW7CeAViqBVS90=
github.com/alexedwards/scs/v2 v2.9.0/go.mod h1:ToaROZxyKukJKT/xLcVQAChi5k6+Pn1Gvmdl7h3RRj8=
github.com/aws/aws-sdk-go-v2 v1.46.0 h1:1kt7m/EKcEHt5mlyyxx9cSlMddRPIKbjb6DIQsu4HPk=
github.com/aws/aws-sdk-go-v2 v1.46.0/go.mod h1:bttEH6JqnUL8LepvDVfdrds/fZ5bCIxzpe3abyUrhDU=
github.com/aws/aws-sdk-go-v2/aws/protocol/eventstream v1.7.20 h1:GPRlPwz40I2B2VrBEASOA3Bi77NyeqejNLkifosX0rs=
github.com/aws/aws-sdk-go-v2/aws/protocol/eventstream v1.7.20/go.mod h1:g7PNzKcsOKWb4fkSRBA7BZVAS6Y8IcxzN+nRohhQ1Q8=
github.com/aws/aws-sdk-go-v2/config v1.33.3 h1:h090b3O5S17bF87/0ysHZuIT/7DCb4EBRFQX2PMVPCw=
github.com/aws/aws-sdk-go-v2/config v1.33.3/go.mod h1:YYDB1kTejxbfAbEVUqgCtkVp26xvNCHev9cLKABMGAk=
github.com/aws/aws-sdk-go-v2/credentials v1.20.3 h1:tToOYM/LXev4NpfWlIYGDvBvjHmJ3HXpRU9ppl+pM6k=
github.com/aws/aws-sdk-go-v2/credentials v1.20.3/go.mod h1:wfGneWyncO7p67wqXV2IQhPk14JqIc25woKlaArT3WI=
github.com/aws/aws-sdk-go-v2/feature/ec2/imds v1.19.2 h1:Ldv7RPHs7qwwTscRjAl3YBud32f3BvdAGRmSvAx5L38=
github.com/aws/aws-sdk-go-v2/feature/ec2/imds v1.19.2/go.mod h1:XyK6UV8xbo66ysVqLd2783C09pBYHOm8aKTRV5DVJ30=
github.com/aws/aws-sdk-go-v2/internal/configsources v1.5.2 h1:q/PSLGuRWCChWg+dLnb9dWOnrCxJtnboXbBtFoqqRrI=
github.com/aws/aws-sdk-go-v2/internal/configsources v1.5.2/go.mod h1:TD1jvU2LvXkJexct5vBqcd8QlNXh5EmRUeL/Z32p0n4=
github.com/aws/aws-sdk-go-v2/internal/endpoints/v2 v2.8.2 h1:6fl86IPqKEXoySqiOWdfgbEp9OVbn44zTfEICNEBDhY=
github.com/aws/aws-sdk-go-v2/internal/endpoints/v2 v2.8.2/go.mod h1:63HDfhFkdzBpI8WGXTSKUHPKS6mqldj4u3LJW7RZtSU=
github.com/aws/aws-sdk-go-v2/internal/v4a v1.5.2 h1:XMgIRS+uW9F3yFKnXGRrI9pkHi99CXTmoz2kz2/TGBA=
github.com/aws/aws-sdk-go-v2/internal/v4a v1.5.2/go.mod h1:vorxDzK+n3jiv9a5ST/LG0Eu9cSv1CRdKTpG6pDMs+M=
github.com/aws/aws-sdk-go-v2/service/internal/accept-encoding v1.13.19 h1:bAdDl/HkGCcGPoe25ToSHEw23VIxt6CT5fLcg111BKg=
github.com/aws/aws-sdk-go-v2/service/internal/accept-encoding v1.13.19/go.mod h1:KaUzbLxv4CeSxh6ZCl9B4m7CuFenS8kUEaDs+f/DQr4=
github.com/aws/aws-sdk-go-v2/service/internal/checksum v1.11.2 h1:CO485zrLOZBeq8mrdsudc8cjyhvC4LY4JFt8ZfHvXZ0=
github.com/aws/aws-sdk-go-v2/service/internal/checksum v1.11.2/go.mod h1:cBAjVUKBr+5wnx1K3XWS8u5AZsqpA2S/0z7YtI6BGFc=
github.com/aws/aws-sdk-go-v2/service/internal/presigned-url v1.14.2 h1:ZtHYnumr6QyxhzEzNZwzQTFJEXOswrZqTTkRxthwvr4=
github.com/aws/aws-sdk-go-v2/service/internal/presigned-url v1.14.2/go.mod h1:a1NXrYpBd311gBzn1UI5UzJyyvXktM4xNh/ydPiPpqY=
github.com/aws/aws-sdk-go-v2/service/internal/s3shared v1.20.2 h1:Enx5JcIy/o90kio1LFZ/HguxIsos3clbGuSpGdyshX8=
github.com/aws/aws-sdk-go-v2/service/internal/s3shared v1.20.2/go.mod h1:Ldmll8/2VqaVerWWDf8IGG+6pAvZY04gs3tevq3nIFs=
github.com/aws/aws-sdk-go-v2/service/s3 v1.111.0 h1:4PokON/ISKuD6Zl062n4WfQNnEFBMHvfeJy73Jp7K+g=
github.com/aws/aws-sdk-go-v2/service/s3 v1.111.0/go.mod h1:6ZFrmv/qIAYFmG+2WhA7mFU8+edldRlISwT+tNnyLuA=
github.com/aws/aws-sdk-go-v2/service/signin v1.9.0 h1:c3k+k/CS4L+sAIH6fxikL+g5g2LpeNczaoyjjw1iMKI=
github.com/aws/aws-sdk-go-v2/service/signin v1.9.0/go.mod h1:AGIoQg99fBrOIQnF78TLx4lj18mc4gZ0hJx1UaLIFM4=
github.com/aws/aws-sdk-go-v2/service/sso v1.37.0 h1:+rqBaOq7jzInjY8M12hr+zEe85JpRll9BjMx38r33Ok=
github.com/aws/aws-sdk-go-v2/service/sso v1.37.0/go.mod h1:XFlVwUsw3sYh8Hw37umYVJnrcWrwXWRxbNw/JY0bblw=
github.com/aws/aws-sdk-go-v2/service/ssooidc v1.42.0 h1:hzM3GslEAOBcLn3DHH6ENToFi+vXP+n02W+x6zejAIM=
github.com/aws/aws-sdk-go-v2/service/ssooidc v1.42.0/go.mod h1:588e7skMkYIYkSUseT8E3WKFfbAfrA1bj3Zf+qxJtJY=
github.com/aws/aws-sdk-go-v2/service/sts v1.49.0 h1:N7Ey8obY3uSui+cxl0OUzFlFmkxSucoJnrniFhw+cLc=
github.com/aws/aws-sdk-go-v2/service/sts v1.49.0/go.mod h1:zMBwjSf4Pt8a1OHYiZ5rPD0PJRK1kQrUaxhS/Dbld8E=
github.com/aws/smithy-go v1.28.1 h1:R/nXH00c8qcfCzQVELtRw+eLQWtzv+VAIEFJ1/xxXlQ=
github.com/aws/smithy-go v1.28.1/go.mod h1:YE2RhdIuDbA5E5bTdciG9KrW3+TiEONeUWCqxX9i1Fc=
github.com/caarlos0/env/v11 v11.4.1 h1:fYwH0sWEsBSMPG7t4e/PEfTFzrWrpjyygXyUnWiSwEw=
github.com/caarlos0/env/v11 v11.4.1/go.mod h1:qupehSf/Y0TUTsxKywqRt/vJjN5nz6vauiYEUUr8P4U=
github.com/coreos/go-oidc/v3 v3.21.0 h1:wZo4Q9Pum8dYEj0eMUPrqR+kvuGkeUplbLpNCkBqoWM=
github.com/coreos/go-oidc/v3 v3.21.0/go.mod h1:DYCf24+ncYi+XkIH97GY1+dqoRlbaSI26KVTCI9SrY4=
github.com/danielgtaylor/huma/v2 v2.39.1 h1:0kwF4ltQoYZ+IU55VPy+BcGekzgF44R64daTGde1H+g=
github.com/danielgtaylor/huma/v2 v2.39.1/go.mod h1:zcnQ38duIJ3VUHwFaBoZ6x8T+KN/mr33oyqxcj0HTug=
github.com/davecgh/go-spew v1.1.0/go.mod h1:J7Y8YcW2NihsgmVo/mv3lAwl/skON4iLHjSsI+c5H38=
github.com/dlclark/regexp2 v1.11.0 h1:G/nrcoOa7ZXlpoa/91N3X7mM3r8eIlMBBJZvsz/mxKI=
github.com/dlclark/regexp2 v1.11.0/go.mod h1:DHkYz0B9wPfa6wondMfaivmHpzrQ3v9q8cnmRbL6yW8=
github.com/dustin/go-humanize v1.0.1 h1:GzkhY7T5VNhEkwH0PVJgjz+fX1rhBrR7pRT3mDkpeCY=
github.com/dustin/go-humanize v1.0.1/go.mod h1:Mu1zIs6XwVuF/gI1OepvI0qD18qycQx+mFykh5fBlto=
github.com/fxamacker/cbor/v2 v2.9.2 h1:X4Ksno9+x3cz0TZv69ec1hxP/+tymuR8PXQJyDwfh78=
github.com/fxamacker/cbor/v2 v2.9.2/go.mod h1:vM4b+DJCtHn+zz7h3FFp/hDAI9WNWCsZj23V5ytsSxQ=
github.com/gabriel-vasile/mimetype v1.4.15 h1:05iP/CYtZ/w455R/KZM6rZ5ieAdh99UPtd+d3YzLmaI=
github.com/gabriel-vasile/mimetype v1.4.15/go.mod h1:azpTcoLcDZRNgFou5j+APrqQx9HqVPWa6ijYQIIVswQ=
github.com/go-chi/chi/v5 v5.3.2 h1:5YQkICvTCSZ25hoRsyJazN0scjzKGiu4VAUc7H1o1nY=
github.com/go-chi/chi/v5 v5.3.2/go.mod h1:R+tYY2hNuVUUjxoPtqUdgBqevM9s9njzkTLutVsOCto=
github.com/go-jose/go-jose/v4 v4.1.4 h1:moDMcTHmvE6Groj34emNPLs/qtYXRVcd6S7NHbHz3kA=
github.com/go-jose/go-jose/v4 v4.1.4/go.mod h1:x4oUasVrzR7071A4TnHLGSPpNOm2a21K9Kf04k1rs08=
github.com/go-playground/assert/v2 v2.2.0 h1:JvknZsQTYeFEAhQwI4qEt9cyV5ONwRHC+lYKSsYSR8s=
github.com/go-playground/assert/v2 v2.2.0/go.mod h1:VDjEfimB/XKnb+ZQfWdccd7VUvScMdVu0Titje2rxJ4=
github.com/go-playground/locales v0.14.1 h1:EWaQ/wswjilfKLTECiXz7Rh+3BjFhfDFKv/oXslEjJA=
github.com/go-playground/locales v0.14.1/go.mod h1:hxrqLVvrK65+Rwrd5Fc6F2O76J/NuW9t0sjnWqG1slY=
github.com/go-playground/universal-translator v0.18.1 h1:Bcnm0ZwsGyWbCzImXv+pAJnYK9S473LQFuzCbDbfSFY=
github.com/go-playground/universal-translator v0.18.1/go.mod h1:xekY+UJKNuX9WP91TpwSH2VMlDf28Uj24BCp08ZFTUY=
github.com/go-playground/validator/v10 v10.30.4 h1:9Rcod2ZPO6mOEG6b4GqyoHE/H6//Ze0RuhOo1hT1x0w=
github.com/go-playground/validator/v10 v10.30.4/go.mod h1:numpT+RPLE91R9oYWMY/R9zRgJBewr3IXHko4OISPpk=
github.com/google/uuid v1.6.0 h1:NIvaJDMOsjHA8n1jAhLSgzrAzy1Hgr+hNrb57e+94F0=
github.com/google/uuid v1.6.0/go.mod h1:TIyPZe4MgqvfeYDBFedMoGGpEw/LqOeaOT+nhxU+yHo=
github.com/jackc/pgerrcode v0.0.0-20250907135507-afb5586c32a6 h1:D/V0gu4zQ3cL2WKeVNVM4r2gLxGGf6McLwgXzRTo2RQ=
github.com/jackc/pgerrcode v0.0.0-20250907135507-afb5586c32a6/go.mod h1:a/s9Lp5W7n/DD0VrVoyJ00FbP2ytTPDVOivvn2bMlds=
github.com/jackc/pgpassfile v1.0.0 h1:/6Hmqy13Ss2zCq62VdNG8tM1wchn8zjSGOBJ6icpsIM=
github.com/jackc/pgpassfile v1.0.0/go.mod h1:CEx0iS5ambNFdcRtxPj5JhEz+xB6uRky5eyVu/W2HEg=
github.com/jackc/pgservicefile v0.0.0-20240606120523-5a60cdf6a761 h1:iCEnooe7UlwOQYpKFhBabPMi4aNAfoODPEFNiAnClxo=
github.com/jackc/pgservicefile v0.0.0-20240606120523-5a60cdf6a761/go.mod h1:5TJZWKEWniPve33vlWYSoGYefn3gLQRzjfDlhSJ9ZKM=
github.com/jackc/pgx/v5 v5.10.0 h1:VhSvgU2jSli8o3AqIEOTJr7rZwAEUVo4E4XhR94Zfr0=
github.com/jackc/pgx/v5 v5.10.0/go.mod h1:mal1tBGAFfLHvZzaYh77YS/eC6IX9OWbRV1QIIM0Jn4=
github.com/jackc/puddle/v2 v2.2.2 h1:PR8nw+E/1w0GLuRFSmiioY6UooMp6KJv0/61nB7icHo=
github.com/jackc/puddle/v2 v2.2.2/go.mod h1:vriiEXHvEE654aYKXXjOvZM39qJ0q+azkZFrfEOc3H4=
github.com/jessevdk/go-flags v1.4.0/go.mod h1:4FA24M0QyGHXBuZZK/XkWh8h0e1EYbRYJSGM75WSRxI=
github.com/leodido/go-urn v1.5.0 h1:pLqT2kq1zpHW/1D18QMjMpdtX7cekxqtJJjg5ANyWw0=
github.com/leodido/go-urn v1.5.0/go.mod h1:9BORnCDhdPBJNDEX+w1bJisa8yOKYi116VeO96s4ifE=
github.com/mattn/go-isatty v0.0.24 h1:tGZZoVgT/KiqK1c8ocVLeDS8BSWMRd47J3Lbz7vsReI=
github.com/mattn/go-isatty v0.0.24/go.mod h1:nMCL3Zebbrt45jsMDgnfIwz6ydEQApk5oEI3HqDio6A=
github.com/mfridman/interpolate v0.0.2 h1:pnuTK7MQIxxFz1Gr+rjSIx9u7qVjf5VOoM/u6BbAxPY=
github.com/mfridman/interpolate v0.0.2/go.mod h1:p+7uk6oE07mpE/Ik1b8EckO0O4ZXiGAfshKBWLUM9Xg=
github.com/ncruces/go-strftime v1.0.0 h1:HMFp8mLCTPp341M/ZnA4qaf7ZlsbTc+miZjCLOFAw7w=
github.com/ncruces/go-strftime v1.0.0/go.mod h1:Fwc5htZGVVkseilnfgOVb9mKy6w1naJmn9CehxcKcls=
github.com/pmezard/go-difflib v1.0.0/go.mod h1:iKH77koFhYxTK1pcRnkKkqfTogsbg7gZNVY4sRDYZ/4=
github.com/pressly/goose/v3 v3.28.0 h1:D2M+iL31GmpZxSHOhX8mqyqAT3CXnokUmm0eKoSP+Vc=
github.com/pressly/goose/v3 v3.28.0/go.mod h1:v26MOuB8bL3kzzrt3Vqhb3R0PRVsl8hFQKdrht/L6Rk=
github.com/remyoudompheng/bigfft v0.0.0-20230129092748-24d4a6f8daec h1:W09IVJc94icq4NjY3clb7Lk8O1qJ8BdBEF8z0ibU0rE=
github.com/remyoudompheng/bigfft v0.0.0-20230129092748-24d4a6f8daec/go.mod h1:qqbHyh8v60DhA7CoWK5oRCqLrMHRGoxYCSS9EjAz6Eo=
github.com/riverqueue/river v0.47.0 h1:j8HOEyiOE8gRRhVS2wllKams372TH1WWiH6xCakXHqc=
github.com/riverqueue/river v0.47.0/go.mod h1:Wgmwx475ZBd8lQnNrJgyG2DWH7BfyNiSAtv0rC9bJBQ=
github.com/riverqueue/river/riverdriver v0.47.0 h1:qU8VkjdMl9plqeRg57SxsDUM/i/eECaSYejZ7HynC60=
github.com/riverqueue/river/riverdriver v0.47.0/go.mod h1:NOXl0fUiF1AT/TaQOjdx2A/c0Davn+SKbW8nAXWjfC4=
github.com/riverqueue/river/riverdriver/riverpgxv5 v0.47.0 h1:5N9nvemhQwbUElMxASw4oEaYJ/v6hiS5Y9VcOQfdC5g=
github.com/riverqueue/river/riverdriver/riverpgxv5 v0.47.0/go.mod h1:ZboiXXZKC4+fTkxBxGRVmAsCuUu0NPYliqbWYuQAZyw=
github.com/riverqueue/river/rivershared v0.47.0 h1:jdtFsBexCvLqTXf8wnDnGXvB/eeOtPKQZAmThkjFpLs=
github.com/riverqueue/river/rivershared v0.47.0/go.mod h1:w8Pi1T+6ypyko5/hs9Mv7IIIKo4fAL9eXYnkVV/Y418=
github.com/riverqueue/river/rivertype v0.47.0 h1:SzNavtLGR4nMT1QkrEYQ7n96OMatYsn/z3aJWhewmv0=
github.com/riverqueue/river/rivertype v0.47.0/go.mod h1:XKkcRQR6zm8RR/JQa1Q2ywpj8uXQu21quPa4Lpw1Xhw=
github.com/rs/cors v1.11.1 h1:eU3gRzXLRK57F5rKMGMZURNdIG4EoAmX8k94r9wXWHA=
github.com/rs/cors v1.11.1/go.mod h1:XyqrcTp5zjWr1wsJ8PIRZssZ8b/WMcMf71DJnit4EMU=
github.com/santhosh-tekuri/jsonschema/v6 v6.0.3 h1:1EYB5IzjZawrrnELUi78f9fPu57HuXjmddZPjrls/28=
github.com/santhosh-tekuri/jsonschema/v6 v6.0.3/go.mod h1:JXeL+ps8p7/KNMjDQk3TCwPpBy0wYklyWTfbkIzdIFU=
github.com/sethvargo/go-retry v0.4.0 h1:9qy1OoIAxBL+gBYnkTnTnWle5wlfsXQlwRzIbbpdqPw=
github.com/sethvargo/go-retry v0.4.0/go.mod h1:tvsjdKG6xfiCx4LSiUZ06kcv38xvdVQwv8R6/VnnVWg=
github.com/stretchr/objx v0.1.0/go.mod h1:HFkY916IF+rwdDfMAkV7OtwuqBVzrE8GR6GFx+wExME=
github.com/stretchr/testify v1.3.0/go.mod h1:M5WIy9Dh21IEIfnGCwXGc5bZfKNJtfHm1UVUgZn+9EI=
github.com/stretchr/testify v1.7.0/go.mod h1:6Fq8oRcR53rry900zMqJjRRixrwX3KX962/h/Wwjteg=
github.com/stretchr/testify v1.12.1 h1:EuwCh5fleGS7H32xRwO3wRGT7DxrDhLAT6FF8MpWDWE=
github.com/stretchr/testify v1.12.1/go.mod h1:MDEgiDPPsNp5cuIrHPPCyornHKgEVbtFUmoNlxoYthg=
github.com/woodleighschool/goodies/auth v1.0.0 h1:5bAHCPOplfkjbOgYTBSnBe6m+I40X2u6auLl9VKfvdg=
github.com/woodleighschool/goodies/auth v1.0.0/go.mod h1:i87cAwLQZ9npz8qGzCbUpcuXbwNFhD0Mj3W7hZt+sLw=
github.com/woodleighschool/goodies/bloby v1.0.0 h1:HjkDprwTL1DFh+kdSlMed8Lw2h2H5cVRDOrKZAUH3Y8=
github.com/woodleighschool/goodies/bloby v1.0.0/go.mod h1:J3Dv5BQAZNfvU/K84Yz6eWPqovULoz9IqNX9JfhBjzc=
github.com/woodleighschool/goodies/pglock v0.1.0 h1:mqADbVCB+1iDzM+maTX9IAjXAil7IH0Ij1odASLbjMs=
github.com/woodleighschool/goodies/pglock v0.1.0/go.mod h1:zXbV7kcrrtxv7FeXm1vQHMlNF/RW9Lm+QOkkX5JhupA=
github.com/woodleighschool/stemma v0.1.1-0.20260906131511-87cbf9153f06 h1:V0UV9ri4xR8fFBFDTg+zWyH/9oqrR9oamhCW/yFsNx4=
github.com/woodleighschool/stemma v0.1.1-0.20260906131511-87cbf9153f06/go.mod h1:DLop2gSQAzLA+Ft9jPjz2pIfT5cU47Eh806seM3DI5w=
github.com/x448/float16 v0.8.4 h1:qLwI1I70+NjRFUR3zs1JPUCgaCXSh3SW62uAKT1mSBM=
github.com/x448/float16 v0.8.4/go.mod h1:14CWIYCyZA/cWjXOioeEpHeN/83MdbZDRQHoFcYsOfg=
github.com/yuin/goldmark v1.4.13/go.mod h1:6yULJ656Px+3vBD8DxQVa3kxgyrAnzto9xy5taEt/CY=
go.uber.org/goleak v1.3.0 h1:2K3zAYmnTNqV73imy9J1T3WC+gmCePx2hEGkimedGto=
go.uber.org/goleak v1.3.0/go.mod h1:CoHD4mav9JJNrW/WLlf7HGZPjdw8EucARQHekz1X6bE=
go.uber.org/multierr v1.11.0 h1:blXXJkSxSSfBVBlC76pxqeO+LN3aDfLQo+309xJstO0=
go.uber.org/multierr v1.11.0/go.mod h1:20+QtiLqy0Nd6FdQB9TLXag12DsQkrbs3htMFfDN80Y=
go.yaml.in/yaml/v3 v3.0.5 h1:N6y/pJk8buWs9NY5ERU2HSMfm+IuD/OtfdAnq6kESPw=
go.yaml.in/yaml/v3 v3.0.5/go.mod h1:HVTZu1O7/Vkt2N+BFy8Zza+lnLsABggaTM2ZpNIGuKg=
golang.org/x/crypto v0.0.0-20190308221718-c2843e01d9a2/go.mod h1:djNgcEr1/C05ACkg1iLfiJU5Ep61QUkGW8qpdssI0+w=
golang.org/x/crypto v0.0.0-20210921155107-089bfa567519/go.mod h1:GvvjBRRGRdwPK5ydBHafDWAxML/pGHZbMvKqRZ5+Abc=
golang.org/x/crypto v0.14.0/go.mod h1:MVFd36DqK4CsrnJYDkBA3VC4m2GkXAM0PvzMCn4JQf4=
golang.org/x/crypto v0.56.0 h1:GUh5Ii4J5jtcseSMiRqr1jXCNHoxjeV9Fmekc2oLy6Y=
golang.org/x/crypto v0.56.0/go.mod h1:OMW5y6CY9l38uPLmxU6l6pwcXp1obtLo3e6gT7gQR2I=
golang.org/x/mod v0.6.0-dev.0.20220419223038-86c51ed26bb4/go.mod h1:jJ57K6gSWd91VN4djpZkiMVwK6gcyfeH4XE8wZrZaV4=
golang.org/x/mod v0.8.0/go.mod h1:iBbtSCu2XBx23ZKBPSOrRkjjQPZFPuis4dIYUhu/chs=
golang.org/x/net v0.0.0-20190620200207-3b0461eec859/go.mod h1:z5CRVTTTmAJ677TzLLGU+0bjPO0LkuOLi4/5GtJWs/s=
golang.org/x/net v0.0.0-20210226172049-e18ecbb05110/go.mod h1:m0MpNAwzfU5UDzcl9v0D8zg8gWTRqZa9RBIspLL5mdg=
golang.org/x/net v0.0.0-20220722155237-a158d28d115b/go.mod h1:XRhObCWvk6IyKnWLug+ECip1KBveYUHfp+8e9klMJ9c=
golang.org/x/net v0.6.0/go.mod h1:2Tu9+aMcznHK/AK1HMvgo6xiTLG5rD5rZLDS+rp2Bjs=
golang.org/x/net v0.10.0/go.mod h1:0qNGK6F8kojg2nk9dLZ2mShWaEBan6FAoqfSigmmuDg=
golang.org/x/net v0.58.0 h1:ynWG7rqYi4ccpTEuPZ2QGWHktVEM9DMCj9yzDE0Q7To=
golang.org/x/net v0.58.0/go.mod h1:YwCddHnFlT7eLQqVprV19OnhLGtc5xOKgE0RyqgfWAU=
golang.org/x/oauth2 v0.36.0 h1:peZ/1z27fi9hUOFCAZaHyrpWG5lwe0RJEEEeH0ThlIs=
golang.org/x/oauth2 v0.36.0/go.mod h1:YDBUJMTkDnJS+A4BP4eZBjCqtokkg1hODuPjwiGPO7Q=
golang.org/x/sync v0.0.0-20190423024810-112230192c58/go.mod h1:RxMgew5VJxzue5/jJTE5uejpjVlOe/izrB70Jof72aM=
golang.org/x/sync v0.0.0-20220722155255-886fb9371eb4/go.mod h1:RxMgew5VJxzue5/jJTE5uejpjVlOe/izrB70Jof72aM=
golang.org/x/sync v0.1.0/go.mod h1:RxMgew5VJxzue5/jJTE5uejpjVlOe/izrB70Jof72aM=
golang.org/x/sync v0.22.0 h1:SZjpbeLmrCk4xhRSZFNZW5gFUeCeFgjekvI/+gfScek=
golang.org/x/sync v0.22.0/go.mod h1:9xrNwdLfx4jkKbNva9FpL6vEN7evnE43NNNJQ2LF3+0=
golang.org/x/sys v0.0.0-20190215142949-d0b11bdaac8a/go.mod h1:STP8DvDyc/dI5b8T5hshtkjS+E42TnysNCUPdjciGhY=
golang.org/x/sys v0.0.0-20201119102817-f84b799fce68/go.mod h1:h1NjWce9XRLGQEsW7wpKNCjG9DtNlClVuFLEZdDNbEs=
golang.org/x/sys v0.0.0-20210615035016-665e8c7367d1/go.mod h1:oPkhp1MJrh7nUepCBck5+mAzfO9JrbApNNgaTdGDITg=
golang.org/x/sys v0.0.0-20220520151302-bc2c85ada10a/go.mod h1:oPkhp1MJrh7nUepCBck5+mAzfO9JrbApNNgaTdGDITg=
golang.org/x/sys v0.0.0-20220722155257-8c9f86f7a55f/go.mod h1:oPkhp1MJrh7nUepCBck5+mAzfO9JrbApNNgaTdGDITg=
golang.org/x/sys v0.5.0/go.mod h1:oPkhp1MJrh7nUepCBck5+mAzfO9JrbApNNgaTdGDITg=
golang.org/x/sys v0.8.0/go.mod h1:oPkhp1MJrh7nUepCBck5+mAzfO9JrbApNNgaTdGDITg=
golang.org/x/sys v0.13.0/go.mod h1:oPkhp1MJrh7nUepCBck5+mAzfO9JrbApNNgaTdGDITg=
golang.org/x/sys v0.47.0 h1:o7XGOvZQCADBQQ4Y7VNq2dRWQR7JmOUW8Kxx4ZsNgWs=
golang.org/x/sys v0.47.0/go.mod h1:4GL1E5IUh+htKOUEOaiffhrAeqysfVGipDYzABqnCmw=
golang.org/x/term v0.0.0-20201126162022-7de9c90e9dd1/go.mod h1:bj7SfCRtBDWHUb9snDiAeCFNEtKQo2Wmx5Cou7ajbmo=
golang.org/x/term v0.0.0-20210927222741-03fcf44c2211/go.mod h1:jbD1KX2456YbFQfuXm/mYQcufACuNUgVhRMnK/tPxf8=
golang.org/x/term v0.5.0/go.mod h1:jMB1sMXY+tzblOD4FWmEbocvup2/aLOaQEp7JmGp78k=
golang.org/x/term v0.8.0/go.mod h1:xPskH00ivmX89bAKVGSKKtLOWNx2+17Eiy94tnKShWo=
golang.org/x/term v0.13.0/go.mod h1:LTmsnFJwVN6bCy1rVCoS+qHT1HhALEFxKncY3WNNh4U=
golang.org/x/text v0.3.0/go.mod h1:NqM8EUOU14njkJ3fqMW+pc6Ldnwhi/IjpwHt7yyuwOQ=
golang.org/x/text v0.3.3/go.mod h1:5Zoc/QRtKVWzQhOtBMvqHzDpF6irO9z98xDceosuGiQ=
golang.org/x/text v0.3.7/go.mod h1:u+2+/6zg+i71rQMx5EYifcz6MCKuco9NR6JIITiCfzQ=
golang.org/x/text v0.7.0/go.mod h1:mrYo+phRRbMaCq/xk9113O4dZlRixOauAjOtrjsXDZ8=
golang.org/x/text v0.9.0/go.mod h1:e1OnstbJyHTd6l/uOt8jFFHp6TRDWZR/bV3emEE/zU8=
golang.org/x/text v0.13.0/go.mod h1:TvPlkZtksWOMsz7fbANvkp4WM8x/WCo/om8BMLbz+aE=
golang.org/x/text v0.41.0 h1:vz/seA0lnX87Othu2f/0L24RcgrXD9/YFTSuGjj3rH8=
golang.org/x/text v0.41.0/go.mod h1:jvf1O8ajNzZqhSrQBPbutR/EB83Cc0CFrezNQIwbb5M=
golang.org/x/time v0.15.0 h1:bbrp8t3bGUeFOx08pvsMYRTCVSMk89u4tKbNOZbp88U=
golang.org/x/time v0.15.0/go.mod h1:Y4YMaQmXwGQZoFaVFk4YpCt4FLQMYKZe9oeV/f4MSno=
golang.org/x/tools v0.0.0-20180917221912-90fa682c2a6e/go.mod h1:n7NCudcB/nEzxVGmLbDWY5pfWTLqBcC2KZ6jyYvM4mQ=
golang.org/x/tools v0.0.0-20191119224855-298f0cb1881e/go.mod h1:b+2E5dAYhXwXZwtnZ6UAqBI28+e2cm9otk0dWdXHAEo=
golang.org/x/tools v0.1.12/go.mod h1:hNGJHUnrk76NpqgfD5Aqm5Crs+Hm0VOH/i9J2+nxYbc=
golang.org/x/tools v0.6.0/go.mod h1:Xwgl3UAJ/d3gWutnCtw505GrjyAbvKui8lOU390QaIU=
golang.org/x/xerrors v0.0.0-20190717185122-a985d3407aa7/go.mod h1:I/5z698sn9Ka8TeJc9MKroUUfqBBauWjQqLJ2OPfmY0=
gopkg.in/check.v1 v0.0.0-20161208181325-20d25e280405/go.mod h1:Co6ibVJAznAaIkqp8huTwlJQCZ016jof/cbN4VW5Yz0=
gopkg.in/yaml.v1 v1.0.0-20140924161607-9f9df34309c0/go.mod h1:WDnlLJ4WF5VGsH/HVa3CI79GS0ol3YnhVnKP89i0kNg=
gopkg.in/yaml.v3 v3.0.0-20200313102051-9f266ea9e77c/go.mod h1:K4uyk7z7BCEPqu6E+C64Yfv1cQ7kz7rIZviUmN+EgEM=
howett.net/plist v1.0.1 h1:37GdZ8tP09Q35o9ych3ehygcsL+HqKSwzctveSlarvM=
howett.net/plist v1.0.1/go.mod h1:lqaXoTrLY4hg8tnEzNru53gicrbv7rrk+2xJA/7hw9g=
modernc.org/libc v1.75.6 h1:yKk8qo+Di4gkmvRboK8ocCqH22FiUCR6jRy2OwtCRus=
modernc.org/libc v1.75.6/go.mod h1:bO5o2ztHxBb2rjz0PgdHN0sSMw57CgxGFLZ3Qd/QpVQ=
modernc.org/mathutil v1.7.1 h1:GCZVGXdaN8gTqB1Mf/usp1Y/hSqgI2vAGGP4jZMCxOU=
modernc.org/mathutil v1.7.1/go.mod h1:4p5IwJITfppl0G4sUEDtCr4DthTaT47/N3aT6MhfgJg=
modernc.org/memory v1.12.1 h1:nFMiWrpStgZczNl6XI9GnIk/rWhYIyHGUaR04pGbp9g=
modernc.org/memory v1.12.1/go.mod h1:/JP4VbVC+K5sU2wZi9bHoq2MAkCnrt2r98UGeSK7Mjw=
modernc.org/sqlite v1.57.0 h1:qNQP6xnx5M0ISNtlnxoOX0+cD5bJ0/gr9aMmndFczzg=
modernc.org/sqlite v1.57.0/go.mod h1:yCJ2cmAaIkHQ25oXWrF8H4O1lIfPYPR26yCEDj2P3pQ=
resty.dev/v3 v3.0.0-rc.3 h1:k24LZ03Cb4Ue5e6O/Pfxu5TQRBBYGES6wm2wceia+Io=
resty.dev/v3 v3.0.0-rc.3/go.mod h1:NTOerrC/4T7/FE6tXIZGIysXXBdgNqwMZuKtxpea9NM=
